
Microsoft Visual Studio Solution File, Format Version 12.00
# Visual Studio Version 17
VisualStudioVersion = 17.6.33723.286
MinimumVisualStudioVersion = 10.0.40219.1
Project("{9A19103F-16F7-4668-BE54-9A1E7A4F7556}") = "Fnx.Content.API", "Fnx.Content.API\Fnx.Content.API.csproj", "{C42B6638-D560-4557-95EE-3432D6944626}"
EndProject
Project("{9A19103F-16F7-4668-BE54-9A1E7A4F7556}") = "Fnx.Content.Models", "Fnx.Content.Models\Fnx.Content.Models.csproj", "{97C028A7-172F-45B6-9534-9814A7F994E7}"
EndProject
Project("{9A19103F-16F7-4668-BE54-9A1E7A4F7556}") = "Fnx.Content.Services", "Fnx.Content.Services\Fnx.Content.Services.csproj", "{74460F0A-89B5-4982-BE2E-375ABB497F2C}"
EndProject
Global
	GlobalSection(SolutionConfigurationPlatforms) = preSolution
		Debug|Any CPU = Debug|Any CPU
		Release|Any CPU = Release|Any CPU
	EndGlobalSection
	GlobalSection(ProjectConfigurationPlatforms) = postSolution
		{C42B6638-D560-4557-95EE-3432D6944626}.Debug|Any CPU.ActiveCfg = Debug|Any CPU
		{C42B6638-D560-4557-95EE-3432D6944626}.Debug|Any CPU.Build.0 = Debug|Any CPU
		{C42B6638-D560-4557-95EE-3432D6944626}.Release|Any CPU.ActiveCfg = Release|Any CPU
		{C42B6638-D560-4557-95EE-3432D6944626}.Release|Any CPU.Build.0 = Release|Any CPU
		{97C028A7-172F-45B6-9534-9814A7F994E7}.Debug|Any CPU.ActiveCfg = Debug|Any CPU
		{97C028A7-172F-45B6-9534-9814A7F994E7}.Debug|Any CPU.Build.0 = Debug|Any CPU
		{97C028A7-172F-45B6-9534-9814A7F994E7}.Release|Any CPU.ActiveCfg = Release|Any CPU
		{97C028A7-172F-45B6-9534-9814A7F994E7}.Release|Any CPU.Build.0 = Release|Any CPU
		{74460F0A-89B5-4982-BE2E-375ABB497F2C}.Debug|Any CPU.ActiveCfg = Debug|Any CPU
		{74460F0A-89B5-4982-BE2E-375ABB497F2C}.Debug|Any CPU.Build.0 = Debug|Any CPU
		{74460F0A-89B5-4982-BE2E-375ABB497F2C}.Release|Any CPU.ActiveCfg = Release|Any CPU
		{74460F0A-89B5-4982-BE2E-375ABB497F2C}.Release|Any CPU.Build.0 = Release|Any CPU
	EndGlobalSection
	GlobalSection(SolutionProperties) = preSolution
		HideSolutionNode = FALSE
	EndGlobalSection
	GlobalSection(ExtensibilityGlobals) = postSolution
		SolutionGuid = {0F76DC13-8224-4021-9768-AE965C0E4B99}
	EndGlobalSection
EndGlobal
